
Microsoft Visual Studio Solution File, Format Version 12.00
# Visual Studio Version 16
VisualStudioVersion = 16.0.31205.134
MinimumVisualStudioVersion = 10.0.40219.1
Project("{FAE04EC0-301F-11D3-BF4B-00C04F79EFBC}") = "AddressBookMultiThreading", "AddressBookMultiThreading\AddressBookMultiThreading.csproj", "{9D39821B-D50C-4718-B1AB-BA344DAD63EB}"
EndProject
Global
	GlobalSection(SolutionConfigurationPlatforms) = preSolution
		Debug|Any CPU = Debug|Any CPU
		Release|Any CPU = Release|Any CPU
	EndGlobalSection
	GlobalSection(ProjectConfigurationPlatforms) = postSolution
		{9D39821B-D50C-4718-B1AB-BA344DAD63EB}.Debug|Any CPU.ActiveCfg = Debug|Any CPU
		{9D39821B-D50C-4718-B1AB-BA344DAD63EB}.Debug|Any CPU.Build.0 = Debug|Any CPU
		{9D39821B-D50C-4718-B1AB-BA344DAD63EB}.Release|Any CPU.ActiveCfg = Release|Any CPU
		{9D39821B-D50C-4718-B1AB-BA344DAD63EB}.Release|Any CPU.Build.0 = Release|Any CPU
	EndGlobalSection
	GlobalSection(SolutionProperties) = preSolution
		HideSolutionNode = FALSE
	EndGlobalSection
	GlobalSection(ExtensibilityGlobals) = postSolution
		SolutionGuid = {8CE5784B-9CFD-45AC-9FD5-18CE3AD1FD5D}
	EndGlobalSection
EndGlobal
